
Microsoft Visual Studio Solution File, Format Version 12.00
# Visual Studio Version 17
VisualStudioVersion = 17.12.35707.178
MinimumVisualStudioVersion = 10.0.40219.1
Project("{FAE04EC0-301F-11D3-BF4B-00C04F79EFBC}") = "Frontend-Js-Backend", "Frontend-Js-Backend\Frontend-Js-Backend\Frontend-Js-Backend.csproj", "{34CF0264-411F-4843-8660-23F8A3BDF8B1}"
EndProject
Project("{FAE04EC0-301F-11D3-BF4B-00C04F79EFBC}") = "Frontend-Js-Backend.Client", "Frontend-Js-Backend\Frontend-Js-Backend.Client\Frontend-Js-Backend.Client.csproj", "{D133C258-9A79-45A3-A964-E5B283AFB352}"
EndProject
Global
	GlobalSection(SolutionConfigurationPlatforms) = preSolution
		Debug|Any CPU = Debug|Any CPU
		Release|Any CPU = Release|Any CPU
	EndGlobalSection
	GlobalSection(ProjectConfigurationPlatforms) = postSolution
		{34CF0264-411F-4843-8660-23F8A3BDF8B1}.Debug|Any CPU.ActiveCfg = Debug|Any CPU
		{34CF0264-411F-4843-8660-23F8A3BDF8B1}.Debug|Any CPU.Build.0 = Debug|Any CPU
		{34CF0264-411F-4843-8660-23F8A3BDF8B1}.Release|Any CPU.ActiveCfg = Release|Any CPU
		{34CF0264-411F-4843-8660-23F8A3BDF8B1}.Release|Any CPU.Build.0 = Release|Any CPU
		{D133C258-9A79-45A3-A964-E5B283AFB352}.Debug|Any CPU.ActiveCfg = Debug|Any CPU
		{D133C258-9A79-45A3-A964-E5B283AFB352}.Debug|Any CPU.Build.0 = Debug|Any CPU
		{D133C258-9A79-45A3-A964-E5B283AFB352}.Release|Any CPU.ActiveCfg = Release|Any CPU
		{D133C258-9A79-45A3-A964-E5B283AFB352}.Release|Any CPU.Build.0 = Release|Any CPU
	EndGlobalSection
	GlobalSection(SolutionProperties) = preSolution
		HideSolutionNode = FALSE
	EndGlobalSection
EndGlobal
